
Microsoft Visual Studio Solution File, Format Version 12.00
# Visual Studio Version 16
VisualStudioVersion = 16.0.30907.101
MinimumVisualStudioVersion = 10.0.40219.1
Project("{FAE04EC0-301F-11D3-BF4B-00C04F79EFBC}") = "AnalizadorSintatico", "AnalizadorSintatico\AnalizadorSintatico.csproj", "{EF6D021A-DCB2-4B04-A945-5921774BEFFF}"
EndProject
Global
	GlobalSection(SolutionConfigurationPlatforms) = preSolution
		Debug|Any CPU = Debug|Any CPU
		Release|Any CPU = Release|Any CPU
	EndGlobalSection
	GlobalSection(ProjectConfigurationPlatforms) = postSolution
		{EF6D021A-DCB2-4B04-A945-5921774BEFFF}.Debug|Any CPU.ActiveCfg = Debug|Any CPU
		{EF6D021A-DCB2-4B04-A945-5921774BEFFF}.Debug|Any CPU.Build.0 = Debug|Any CPU
		{EF6D021A-DCB2-4B04-A945-5921774BEFFF}.Release|Any CPU.ActiveCfg = Release|Any CPU
		{EF6D021A-DCB2-4B04-A945-5921774BEFFF}.Release|Any CPU.Build.0 = Release|Any CPU
	EndGlobalSection
	GlobalSection(SolutionProperties) = preSolution
		HideSolutionNode = FALSE
	EndGlobalSection
	GlobalSection(ExtensibilityGlobals) = postSolution
		SolutionGuid = {2886A270-5AC8-466C-A647-DB7756653028}
	EndGlobalSection
EndGlobal
